
Microsoft Visual Studio Solution File, Format Version 12.00
# Visual Studio Version 17
VisualStudioVersion = 17.0.32002.185
MinimumVisualStudioVersion = 10.0.40219.1
Project("{FAE04EC0-301F-11D3-BF4B-00C04F79EFBC}") = "StockManager", "StockManager\StockManager.csproj", "{FA69CE1E-79D9-417A-845C-4FBD899AAEA5}"
EndProject
Global
	GlobalSection(SolutionConfigurationPlatforms) = preSolution
		Debug|Any CPU = Debug|Any CPU
		Release|Any CPU = Release|Any CPU
	EndGlobalSection
	GlobalSection(ProjectConfigurationPlatforms) = postSolution
		{FA69CE1E-79D9-417A-845C-4FBD899AAEA5}.Debug|Any CPU.ActiveCfg = Debug|Any CPU
		{FA69CE1E-79D9-417A-845C-4FBD899AAEA5}.Debug|Any CPU.Build.0 = Debug|Any CPU
		{FA69CE1E-79D9-417A-845C-4FBD899AAEA5}.Release|Any CPU.ActiveCfg = Release|Any CPU
		{FA69CE1E-79D9-417A-845C-4FBD899AAEA5}.Release|Any CPU.Build.0 = Release|Any CPU
	EndGlobalSection
	GlobalSection(SolutionProperties) = preSolution
		HideSolutionNode = FALSE
	EndGlobalSection
	GlobalSection(ExtensibilityGlobals) = postSolution
		SolutionGuid = {5214CF31-7FFF-4E0E-B142-7D3395052247}
	EndGlobalSection
EndGlobal
